
Microsoft Visual Studio Solution File, Format Version 12.00
Project("{FAE04EC0-301F-11D3-BF4B-00C04F79EFBC}") = "DotNetBrowserBlazorAvaloniaApp4", "DotNetBrowserBlazorAvaloniaApp4\DotNetBrowserBlazorAvaloniaApp4.csproj", "{FCA37165-4D68-4013-9989-1F94C6584E1C}"
EndProject
Global
	GlobalSection(SolutionConfigurationPlatforms) = preSolution
		Debug|Any CPU = Debug|Any CPU
		Release|Any CPU = Release|Any CPU
	EndGlobalSection
	GlobalSection(ProjectConfigurationPlatforms) = postSolution
		{FCA37165-4D68-4013-9989-1F94C6584E1C}.Debug|Any CPU.ActiveCfg = Debug|Any CPU
		{FCA37165-4D68-4013-9989-1F94C6584E1C}.Debug|Any CPU.Build.0 = Debug|Any CPU
		{FCA37165-4D68-4013-9989-1F94C6584E1C}.Release|Any CPU.ActiveCfg = Release|Any CPU
		{FCA37165-4D68-4013-9989-1F94C6584E1C}.Release|Any CPU.Build.0 = Release|Any CPU
	EndGlobalSection
EndGlobal
